
Microsoft Visual Studio Solution File, Format Version 12.00
# Visual Studio 14
VisualStudioVersion = 14.0.25123.0
MinimumVisualStudioVersion = 10.0.40219.1
Project("{FAE04EC0-301F-11D3-BF4B-00C04F79EFBC}") = "Client", "Client\Client.csproj", "{7957FB51-996E-4FF1-9A80-DF00D4F7D1BD}"
EndProject
Project("{FAE04EC0-301F-11D3-BF4B-00C04F79EFBC}") = "FactoryInvoice", "FactoryInvoice\FactoryInvoice.csproj", "{44BE0800-31E2-4CD5-B943-C85C55271989}"
EndProject
Project("{FAE04EC0-301F-11D3-BF4B-00C04F79EFBC}") = "InvoiceInterface", "InvoiceInterface\InvoiceInterface.csproj", "{E1CC40BF-DB48-4761-9C40-18E8EEAE252C}"
EndProject
Project("{FAE04EC0-301F-11D3-BF4B-00C04F79EFBC}") = "Invoice", "Invoice\Invoice.csproj", "{DD956A83-0AA9-4C84-97C7-6A76895F6529}"
EndProject
Global
	GlobalSection(SolutionConfigurationPlatforms) = preSolution
		Debug|Any CPU = Debug|Any CPU
		Release|Any CPU = Release|Any CPU
	EndGlobalSection
	GlobalSection(ProjectConfigurationPlatforms) = postSolution
		{7957FB51-996E-4FF1-9A80-DF00D4F7D1BD}.Debug|Any CPU.ActiveCfg = Debug|Any CPU
		{7957FB51-996E-4FF1-9A80-DF00D4F7D1BD}.Debug|Any CPU.Build.0 = Debug|Any CPU
		{7957FB51-996E-4FF1-9A80-DF00D4F7D1BD}.Release|Any CPU.ActiveCfg = Release|Any CPU
		{7957FB51-996E-4FF1-9A80-DF00D4F7D1BD}.Release|Any CPU.Build.0 = Release|Any CPU
		{44BE0800-31E2-4CD5-B943-C85C55271989}.Debug|Any CPU.ActiveCfg = Debug|Any CPU
		{44BE0800-31E2-4CD5-B943-C85C55271989}.Debug|Any CPU.Build.0 = Debug|Any CPU
		{44BE0800-31E2-4CD5-B943-C85C55271989}.Release|Any CPU.ActiveCfg = Release|Any CPU
		{44BE0800-31E2-4CD5-B943-C85C55271989}.Release|Any CPU.Build.0 = Release|Any CPU
		{E1CC40BF-DB48-4761-9C40-18E8EEAE252C}.Debug|Any CPU.ActiveCfg = Debug|Any CPU
		{E1CC40BF-DB48-4761-9C40-18E8EEAE252C}.Debug|Any CPU.Build.0 = Debug|Any CPU
		{E1CC40BF-DB48-4761-9C40-18E8EEAE252C}.Release|Any CPU.ActiveCfg = Release|Any CPU
		{E1CC40BF-DB48-4761-9C40-18E8EEAE252C}.Release|Any CPU.Build.0 = Release|Any CPU
		{DD956A83-0AA9-4C84-97C7-6A76895F6529}.Debug|Any CPU.ActiveCfg = Debug|Any CPU
		{DD956A83-0AA9-4C84-97C7-6A76895F6529}.Debug|Any CPU.Build.0 = Debug|Any CPU
		{DD956A83-0AA9-4C84-97C7-6A76895F6529}.Release|Any CPU.ActiveCfg = Release|Any CPU
		{DD956A83-0AA9-4C84-97C7-6A76895F6529}.Release|Any CPU.Build.0 = Release|Any CPU
	EndGlobalSection
	GlobalSection(SolutionProperties) = preSolution
		HideSolutionNode = FALSE
	EndGlobalSection
EndGlobal
